// !$*UTF8*$!
{
	archiveVersion = 1;
	classes = {
	};
	objectVersion = 46;
	objects = {

/* Begin PBXBuildFile section */
		392F388C52E0459B035372C0 /* Pods_GratisTing.framework in Frameworks */ = {isa = PBXBuildFile; fileRef = E605BCC98611F66EA577D6FF /* Pods_GratisTing.framework */; };
		B4E45CF01CF20A70001D4F39 /* JSONParser.swift in Sources */ = {isa = PBXBuildFile; fileRef = B4E45CEF1CF20A70001D4F39 /* JSONParser.swift */; };
		F91250CA1CEC6D9B00FFFE75 /* Address.swift in Sources */ = {isa = PBXBuildFile; fileRef = F91250C91CEC6D9B00FFFE75 /* Address.swift */; };
		F95E01071CEDD1A8007D0BE3 /* Authentication.swift in Sources */ = {isa = PBXBuildFile; fileRef = F95E01061CEDD1A8007D0BE3 /* Authentication.swift */; };
		F974FCBD1CF0FFEE00433E7A /* GratisTingAnnotation.swift in Sources */ = {isa = PBXBuildFile; fileRef = F974FCBC1CF0FFEE00433E7A /* GratisTingAnnotation.swift */; };
		F974FCBF1CF1E7DA00433E7A /* GratisTingNavItem.swift in Sources */ = {isa = PBXBuildFile; fileRef = F974FCBE1CF1E7DA00433E7A /* GratisTingNavItem.swift */; };
		F974FCC11CF1E86400433E7A /* UIColorExtension.swift in Sources */ = {isa = PBXBuildFile; fileRef = F974FCC01CF1E86400433E7A /* UIColorExtension.swift */; };
		F975B17C1CE2214F00D29403 /* AppDelegate.swift in Sources */ = {isa = PBXBuildFile; fileRef = F975B17B1CE2214F00D29403 /* AppDelegate.swift */; };
		F975B1831CE2214F00D29403 /* Assets.xcassets in Resources */ = {isa = PBXBuildFile; fileRef = F975B1821CE2214F00D29403 /* Assets.xcassets */; };
		F975B1861CE2214F00D29403 /* LaunchScreen.storyboard in Resources */ = {isa = PBXBuildFile; fileRef = F975B1841CE2214F00D29403 /* LaunchScreen.storyboard */; };
		F975B1901CE224D900D29403 /* Authentication.storyboard in Resources */ = {isa = PBXBuildFile; fileRef = F975B18F1CE224D900D29403 /* Authentication.storyboard */; };
		F975B1921CE2254900D29403 /* LoginViewController.swift in Sources */ = {isa = PBXBuildFile; fileRef = F975B1911CE2254900D29403 /* LoginViewController.swift */; };
		F975B1961CE2294900D29403 /* RegisterViewController.swift in Sources */ = {isa = PBXBuildFile; fileRef = F975B1951CE2294900D29403 /* RegisterViewController.swift */; };
		F975B19C1CE22A6100D29403 /* Show.storyboard in Resources */ = {isa = PBXBuildFile; fileRef = F975B19B1CE22A6100D29403 /* Show.storyboard */; };
		F975B19E1CE22A6B00D29403 /* Create.storyboard in Resources */ = {isa = PBXBuildFile; fileRef = F975B19D1CE22A6B00D29403 /* Create.storyboard */; };
		F975B1A01CE22A7600D29403 /* Browse.storyboard in Resources */ = {isa = PBXBuildFile; fileRef = F975B19F1CE22A7600D29403 /* Browse.storyboard */; };
		F975B1A31CE22ACF00D29403 /* Main.storyboard in Resources */ = {isa = PBXBuildFile; fileRef = F975B1A21CE22ACF00D29403 /* Main.storyboard */; };
		F975B1AB1CE333C100D29403 /* ItemListViewController.swift in Sources */ = {isa = PBXBuildFile; fileRef = F975B1AA1CE333C100D29403 /* ItemListViewController.swift */; };
		F975B1AF1CE34C5400D29403 /* Item.swift in Sources */ = {isa = PBXBuildFile; fileRef = F975B1AE1CE34C5400D29403 /* Item.swift */; };
		F975B1B11CE34E9000D29403 /* User.swift in Sources */ = {isa = PBXBuildFile; fileRef = F975B1B01CE34E9000D29403 /* User.swift */; };
		F975B1B31CE355B300D29403 /* Category.swift in Sources */ = {isa = PBXBuildFile; fileRef = F975B1B21CE355B300D29403 /* Category.swift */; };
		F975B1B61CE36D7A00D29403 /* GratisTingCell.swift in Sources */ = {isa = PBXBuildFile; fileRef = F975B1B51CE36D7A00D29403 /* GratisTingCell.swift */; };
		F975B1E11CE480A400D29403 /* DAO.swift in Sources */ = {isa = PBXBuildFile; fileRef = F975B1E01CE480A400D29403 /* DAO.swift */; };
		F975B1E41CE4811E00D29403 /* DAOProtocol.swift in Sources */ = {isa = PBXBuildFile; fileRef = F975B1E31CE4811E00D29403 /* DAOProtocol.swift */; };
		F9B538E91CF074E9009C10CB /* User.storyboard in Resources */ = {isa = PBXBuildFile; fileRef = F9B538E81CF074E9009C10CB /* User.storyboard */; };
		F9B538EB1CF07525009C10CB /* UserViewController.swift in Sources */ = {isa = PBXBuildFile; fileRef = F9B538EA1CF07525009C10CB /* UserViewController.swift */; };
		F9BD02EC1CE316E70057309B /* MainViewController.swift in Sources */ = {isa = PBXBuildFile; fileRef = F9BD02EB1CE316E70057309B /* MainViewController.swift */; };
		F9BD02EF1CE32CE30057309B /* Map.storyboard in Resources */ = {isa = PBXBuildFile; fileRef = F9BD02EE1CE32CE30057309B /* Map.storyboard */; };
		F9BD02F11CE32CF20057309B /* MapViewController.swift in Sources */ = {isa = PBXBuildFile; fileRef = F9BD02F01CE32CF20057309B /* MapViewController.swift */; };
		F9BD02F31CE343660057309B /* CreateViewController.swift in Sources */ = {isa = PBXBuildFile; fileRef = F9BD02F21CE343660057309B /* CreateViewController.swift */; };
		F9BD02F51CE35F120057309B /* MapKit.framework in Frameworks */ = {isa = PBXBuildFile; fileRef = F9BD02F41CE35F120057309B /* MapKit.framework */; settings = {ATTRIBUTES = (Required, ); }; };
		F9DE18221CEC7760004BCE1E /* AddressSearchTextField.swift in Sources */ = {isa = PBXBuildFile; fileRef = F9DE18211CEC7760004BCE1E /* AddressSearchTextField.swift */; };
		F9E5DDE51CE60C14005A2FB4 /* ShowViewController.swift in Sources */ = {isa = PBXBuildFile; fileRef = F9E5DDE41CE60C14005A2FB4 /* ShowViewController.swift */; };
/* End PBXBuildFile section */

/* Begin PBXFileReference section */
		09C362B687934E594391C86D /* Pods-GratisTing.release.xcconfig */ = {isa = PBXFileReference; includeInIndex = 1; lastKnownFileType = text.xcconfig; name = "Pods-GratisTing.release.xcconfig"; path = "Pods/Target Support Files/Pods-GratisTing/Pods-GratisTing.release.xcconfig"; sourceTree = "<group>"; };
		B4E45CEF1CF20A70001D4F39 /* JSONParser.swift */ = {isa = PBXFileReference; fileEncoding = 4; lastKnownFileType = sourcecode.swift; path = JSONParser.swift; sourceTree = "<group>"; };
		E605BCC98611F66EA577D6FF /* Pods_GratisTing.framework */ = {isa = PBXFileReference; explicitFileType = wrapper.framework; includeInIndex = 0; path = Pods_GratisTing.framework; sourceTree = BUILT_PRODUCTS_DIR; };
		F0EAA90818B2E93437FFD350 /* Pods-GratisTing.debug.xcconfig */ = {isa = PBXFileReference; includeInIndex = 1; lastKnownFileType = text.xcconfig; name = "Pods-GratisTing.debug.xcconfig"; path = "Pods/Target Support Files/Pods-GratisTing/Pods-GratisTing.debug.xcconfig"; sourceTree = "<group>"; };
		F91250C91CEC6D9B00FFFE75 /* Address.swift */ = {isa = PBXFileReference; fileEncoding = 4; lastKnownFileType = sourcecode.swift; path = Address.swift; sourceTree = "<group>"; };
		F923F4EF1CE4B84D00320057 /* CoreLocation.framework */ = {isa = PBXFileReference; lastKnownFileType = wrapper.framework; name = CoreLocation.framework; path = System/Library/Frameworks/CoreLocation.framework; sourceTree = SDKROOT; };
		F95E01061CEDD1A8007D0BE3 /* Authentication.swift */ = {isa = PBXFileReference; fileEncoding = 4; lastKnownFileType = sourcecode.swift; path = Authentication.swift; sourceTree = "<group>"; };
		F974FCBC1CF0FFEE00433E7A /* GratisTingAnnotation.swift */ = {isa = PBXFileReference; fileEncoding = 4; lastKnownFileType = sourcecode.swift; path = GratisTingAnnotation.swift; sourceTree = "<group>"; };
		F974FCBE1CF1E7DA00433E7A /* GratisTingNavItem.swift */ = {isa = PBXFileReference; fileEncoding = 4; lastKnownFileType = sourcecode.swift; path = GratisTingNavItem.swift; sourceTree = "<group>"; };
		F974FCC01CF1E86400433E7A /* UIColorExtension.swift */ = {isa = PBXFileReference; fileEncoding = 4; lastKnownFileType = sourcecode.swift; path = UIColorExtension.swift; sourceTree = "<group>"; };
		F975B1781CE2214F00D29403 /* GratisTing.app */ = {isa = PBXFileReference; explicitFileType = wrapper.application; includeInIndex = 0; path = GratisTing.app; sourceTree = BUILT_PRODUCTS_DIR; };
		F975B17B1CE2214F00D29403 /* AppDelegate.swift */ = {isa = PBXFileReference; lastKnownFileType = sourcecode.swift; path = AppDelegate.swift; sourceTree = "<group>"; };
		F975B1821CE2214F00D29403 /* Assets.xcassets */ = {isa = PBXFileReference; lastKnownFileType = folder.assetcatalog; path = Assets.xcassets; sourceTree = "<group>"; };
		F975B1851CE2214F00D29403 /* Base */ = {isa = PBXFileReference; lastKnownFileType = file.storyboard; name = Base; path = Base.lproj/LaunchScreen.storyboard; sourceTree = "<group>"; };
		F975B1871CE2214F00D29403 /* Info.plist */ = {isa = PBXFileReference; lastKnownFileType = text.plist.xml; path = Info.plist; sourceTree = "<group>"; };
		F975B18F1CE224D900D29403 /* Authentication.storyboard */ = {isa = PBXFileReference; fileEncoding = 4; lastKnownFileType = file.storyboard; name = Authentication.storyboard; path = ../Authentication.storyboard; sourceTree = "<group>"; };
		F975B1911CE2254900D29403 /* LoginViewController.swift */ = {isa = PBXFileReference; fileEncoding = 4; lastKnownFileType = sourcecode.swift; path = LoginViewController.swift; sourceTree = "<group>"; };
		F975B1951CE2294900D29403 /* RegisterViewController.swift */ = {isa = PBXFileReference; fileEncoding = 4; lastKnownFileType = sourcecode.swift; path = RegisterViewController.swift; sourceTree = "<group>"; };
		F975B19B1CE22A6100D29403 /* Show.storyboard */ = {isa = PBXFileReference; fileEncoding = 4; lastKnownFileType = file.storyboard; path = Show.storyboard; sourceTree = "<group>"; };
		F975B19D1CE22A6B00D29403 /* Create.storyboard */ = {isa = PBXFileReference; fileEncoding = 4; lastKnownFileType = file.storyboard; path = Create.storyboard; sourceTree = "<group>"; };
		F975B19F1CE22A7600D29403 /* Browse.storyboard */ = {isa = PBXFileReference; fileEncoding = 4; lastKnownFileType = file.storyboard; path = Browse.storyboard; sourceTree = "<group>"; };
		F975B1A21CE22ACF00D29403 /* Main.storyboard */ = {isa = PBXFileReference; fileEncoding = 4; lastKnownFileType = file.storyboard; path = Main.storyboard; sourceTree = "<group>"; };
		F975B1AA1CE333C100D29403 /* ItemListViewController.swift */ = {isa = PBXFileReference; fileEncoding = 4; lastKnownFileType = sourcecode.swift; path = ItemListViewController.swift; sourceTree = "<group>"; };
		F975B1AE1CE34C5400D29403 /* Item.swift */ = {isa = PBXFileReference; fileEncoding = 4; lastKnownFileType = sourcecode.swift; path = Item.swift; sourceTree = "<group>"; };
		F975B1B01CE34E9000D29403 /* User.swift */ = {isa = PBXFileReference; fileEncoding = 4; lastKnownFileType = sourcecode.swift; path = User.swift; sourceTree = "<group>"; };
		F975B1B21CE355B300D29403 /* Category.swift */ = {isa = PBXFileReference; fileEncoding = 4; lastKnownFileType = sourcecode.swift; path = Category.swift; sourceTree = "<group>"; };
		F975B1B51CE36D7A00D29403 /* GratisTingCell.swift */ = {isa = PBXFileReference; fileEncoding = 4; lastKnownFileType = sourcecode.swift; path = GratisTingCell.swift; sourceTree = "<group>"; };
		F975B1E01CE480A400D29403 /* DAO.swift */ = {isa = PBXFileReference; fileEncoding = 4; lastKnownFileType = sourcecode.swift; path = DAO.swift; sourceTree = "<group>"; };
		F975B1E31CE4811E00D29403 /* DAOProtocol.swift */ = {isa = PBXFileReference; fileEncoding = 4; lastKnownFileType = sourcecode.swift; path = DAOProtocol.swift; sourceTree = "<group>"; };
		F9B538E81CF074E9009C10CB /* User.storyboard */ = {isa = PBXFileReference; fileEncoding = 4; lastKnownFileType = file.storyboard; path = User.storyboard; sourceTree = "<group>"; };
		F9B538EA1CF07525009C10CB /* UserViewController.swift */ = {isa = PBXFileReference; fileEncoding = 4; lastKnownFileType = sourcecode.swift; path = UserViewController.swift; sourceTree = "<group>"; };
		F9BD02EB1CE316E70057309B /* MainViewController.swift */ = {isa = PBXFileReference; fileEncoding = 4; lastKnownFileType = sourcecode.swift; path = MainViewController.swift; sourceTree = "<group>"; };
		F9BD02EE1CE32CE30057309B /* Map.storyboard */ = {isa = PBXFileReference; fileEncoding = 4; lastKnownFileType = file.storyboard; path = Map.storyboard; sourceTree = "<group>"; };
		F9BD02F01CE32CF20057309B /* MapViewController.swift */ = {isa = PBXFileReference; fileEncoding = 4; lastKnownFileType = sourcecode.swift; path = MapViewController.swift; sourceTree = "<group>"; };
		F9BD02F21CE343660057309B /* CreateViewController.swift */ = {isa = PBXFileReference; fileEncoding = 4; lastKnownFileType = sourcecode.swift; path = CreateViewController.swift; sourceTree = "<group>"; };
		F9BD02F41CE35F120057309B /* MapKit.framework */ = {isa = PBXFileReference; lastKnownFileType = wrapper.framework; name = MapKit.framework; path = System/Library/Frameworks/MapKit.framework; sourceTree = SDKROOT; };
		F9DE18211CEC7760004BCE1E /* AddressSearchTextField.swift */ = {isa = PBXFileReference; fileEncoding = 4; lastKnownFileType = sourcecode.swift; path = AddressSearchTextField.swift; sourceTree = "<group>"; };
		F9E5DDE41CE60C14005A2FB4 /* ShowViewController.swift */ = {isa = PBXFileReference; fileEncoding = 4; lastKnownFileType = sourcecode.swift; path = ShowViewController.swift; sourceTree = "<group>"; };
/* End PBXFileReference section */

/* Begin PBXFrameworksBuildPhase section */
		F975B1751CE2214F00D29403 /* Frameworks */ = {
			isa = PBXFrameworksBuildPhase;
			buildActionMask = 2147483647;
			files = (
				F9BD02F51CE35F120057309B /* MapKit.framework in Frameworks */,
				392F388C52E0459B035372C0 /* Pods_GratisTing.framework in Frameworks */,
			);
			runOnlyForDeploymentPostprocessing = 0;
		};
/* End PBXFrameworksBuildPhase section */

/* Begin PBXGroup section */
		46318DEC30DA613A94AF2B2B /* Pods */ = {
			isa = PBXGroup;
			children = (
				F0EAA90818B2E93437FFD350 /* Pods-GratisTing.debug.xcconfig */,
				09C362B687934E594391C86D /* Pods-GratisTing.release.xcconfig */,
			);
			name = Pods;
			sourceTree = "<group>";
		};
		6656D17EA6E602931199697C /* Frameworks */ = {
			isa = PBXGroup;
			children = (
				E605BCC98611F66EA577D6FF /* Pods_GratisTing.framework */,
			);
			name = Frameworks;
			sourceTree = "<group>";
		};
		F975B16F1CE2214F00D29403 = {
			isa = PBXGroup;
			children = (
				F923F4EF1CE4B84D00320057 /* CoreLocation.framework */,
				F9BD02F41CE35F120057309B /* MapKit.framework */,
				F975B17A1CE2214F00D29403 /* GratisTing */,
				F975B1791CE2214F00D29403 /* Products */,
				46318DEC30DA613A94AF2B2B /* Pods */,
				6656D17EA6E602931199697C /* Frameworks */,
			);
			sourceTree = "<group>";
		};
		F975B1791CE2214F00D29403 /* Products */ = {
			isa = PBXGroup;
			children = (
				F975B1781CE2214F00D29403 /* GratisTing.app */,
			);
			name = Products;
			sourceTree = "<group>";
		};
		F975B17A1CE2214F00D29403 /* GratisTing */ = {
			isa = PBXGroup;
			children = (
				F975B17B1CE2214F00D29403 /* AppDelegate.swift */,
				F975B1E21CE480E100D29403 /* Services */,
				F975B1A51CE22B2E00D29403 /* Models */,
				F975B1941CE2281700D29403 /* Controllers */,
				F975B1821CE2214F00D29403 /* Assets.xcassets */,
				F975B1871CE2214F00D29403 /* Info.plist */,
			);
			path = GratisTing;
			sourceTree = "<group>";
		};
		F975B1931CE2279900D29403 /* Authentication */ = {
			isa = PBXGroup;
			children = (
				F975B18F1CE224D900D29403 /* Authentication.storyboard */,
				F975B1911CE2254900D29403 /* LoginViewController.swift */,
				F975B1951CE2294900D29403 /* RegisterViewController.swift */,
				F9DE18211CEC7760004BCE1E /* AddressSearchTextField.swift */,
			);
			name = Authentication;
			sourceTree = "<group>";
		};
		F975B1941CE2281700D29403 /* Controllers */ = {
			isa = PBXGroup;
			children = (
				F9B538E71CF074D0009C10CB /* User */,
				F975B1B41CE36D4200D29403 /* Misc */,
				F975B1841CE2214F00D29403 /* LaunchScreen.storyboard */,
				F975B1A11CE22AA300D29403 /* Main */,
				F975B1971CE229DE00D29403 /* Items */,
				F975B1931CE2279900D29403 /* Authentication */,
			);
			name = Controllers;
			sourceTree = "<group>";
		};
		F975B1971CE229DE00D29403 /* Items */ = {
			isa = PBXGroup;
			children = (
				F975B19A1CE22A5400D29403 /* Show */,
				F975B1991CE22A2F00D29403 /* Create */,
				F9BD02ED1CE32CC80057309B /* Map */,
				F975B1981CE22A2600D29403 /* Browse */,
			);
			name = Items;
			sourceTree = "<group>";
		};
		F975B1981CE22A2600D29403 /* Browse */ = {
			isa = PBXGroup;
			children = (
				F975B19F1CE22A7600D29403 /* Browse.storyboard */,
				F975B1AA1CE333C100D29403 /* ItemListViewController.swift */,
			);
			name = Browse;
			sourceTree = "<group>";
		};
		F975B1991CE22A2F00D29403 /* Create */ = {
			isa = PBXGroup;
			children = (
				F975B19D1CE22A6B00D29403 /* Create.storyboard */,
				F9BD02F21CE343660057309B /* CreateViewController.swift */,
			);
			name = Create;
			sourceTree = "<group>";
		};
		F975B19A1CE22A5400D29403 /* Show */ = {
			isa = PBXGroup;
			children = (
				F975B19B1CE22A6100D29403 /* Show.storyboard */,
				F9E5DDE41CE60C14005A2FB4 /* ShowViewController.swift */,
			);
			name = Show;
			sourceTree = "<group>";
		};
		F975B1A11CE22AA300D29403 /* Main */ = {
			isa = PBXGroup;
			children = (
				F975B1A21CE22ACF00D29403 /* Main.storyboard */,
				F9BD02EB1CE316E70057309B /* MainViewController.swift */,
			);
			name = Main;
			sourceTree = "<group>";
		};
		F975B1A51CE22B2E00D29403 /* Models */ = {
			isa = PBXGroup;
			children = (
				F975B1AE1CE34C5400D29403 /* Item.swift */,
				F975B1B01CE34E9000D29403 /* User.swift */,
				F975B1B21CE355B300D29403 /* Category.swift */,
				F91250C91CEC6D9B00FFFE75 /* Address.swift */,
			);
			name = Models;
			sourceTree = "<group>";
		};
		F975B1B41CE36D4200D29403 /* Misc */ = {
			isa = PBXGroup;
			children = (
				F975B1B51CE36D7A00D29403 /* GratisTingCell.swift */,
				F974FCBE1CF1E7DA00433E7A /* GratisTingNavItem.swift */,
				F974FCC01CF1E86400433E7A /* UIColorExtension.swift */,
			);
			name = Misc;
			sourceTree = "<group>";
		};
		F975B1E21CE480E100D29403 /* Services */ = {
			isa = PBXGroup;
			children = (
				F975B1E01CE480A400D29403 /* DAO.swift */,
				F975B1E31CE4811E00D29403 /* DAOProtocol.swift */,
				F95E01061CEDD1A8007D0BE3 /* Authentication.swift */,
				B4E45CEF1CF20A70001D4F39 /* JSONParser.swift */,
			);
			name = Services;
			sourceTree = "<group>";
		};
		F9B538E71CF074D0009C10CB /* User */ = {
			isa = PBXGroup;
			children = (
				F9B538E81CF074E9009C10CB /* User.storyboard */,
				F9B538EA1CF07525009C10CB /* UserViewController.swift */,
			);
			name = User;
			sourceTree = "<group>";
		};
		F9BD02ED1CE32CC80057309B /* Map */ = {
			isa = PBXGroup;
			children = (
				F9BD02EE1CE32CE30057309B /* Map.storyboard */,
				F9BD02F01CE32CF20057309B /* MapViewController.swift */,
				F974FCBC1CF0FFEE00433E7A /* GratisTingAnnotation.swift */,
			);
			name = Map;
			sourceTree = "<group>";
		};
/* End PBXGroup section */

/* Begin PBXNativeTarget section */
		F975B1771CE2214F00D29403 /* GratisTing */ = {
			isa = PBXNativeTarget;
			buildConfigurationList = F975B18A1CE2214F00D29403 /* Build configuration list for PBXNativeTarget "GratisTing" */;
			buildPhases = (
				F61AF11DD0A499588A3021A8 /* 📦 Check Pods Manifest.lock */,
				F975B1741CE2214F00D29403 /* Sources */,
				F975B1751CE2214F00D29403 /* Frameworks */,
				F975B1761CE2214F00D29403 /* Resources */,
				16EDCE435D3AFD980BD086AC /* 📦 Embed Pods Frameworks */,
				A3D86565FB2D6F6B25C049FD /* 📦 Copy Pods Resources */,
			);
			buildRules = (
			);
			dependencies = (
			);
			name = GratisTing;
			productName = GratisTing;
			productReference = F975B1781CE2214F00D29403 /* GratisTing.app */;
			productType = "com.apple.product-type.application";
		};
/* End PBXNativeTarget section */

/* Begin PBXProject section */
		F975B1701CE2214F00D29403 /* Project object */ = {
			isa = PBXProject;
			attributes = {
				LastSwiftUpdateCheck = 0730;
				LastUpgradeCheck = 0730;
				ORGANIZATIONNAME = SJT;
				TargetAttributes = {
					F975B1771CE2214F00D29403 = {
						CreatedOnToolsVersion = 7.3;
					};
				};
			};
			buildConfigurationList = F975B1731CE2214F00D29403 /* Build configuration list for PBXProject "GratisTing" */;
			compatibilityVersion = "Xcode 3.2";
			developmentRegion = English;
			hasScannedForEncodings = 0;
			knownRegions = (
				en,
				Base,
			);
			mainGroup = F975B16F1CE2214F00D29403;
			productRefGroup = F975B1791CE2214F00D29403 /* Products */;
			projectDirPath = "";
			projectRoot = "";
			targets = (
				F975B1771CE2214F00D29403 /* GratisTing */,
			);
		};
/* End PBXProject section */

/* Begin PBXResourcesBuildPhase section */
		F975B1761CE2214F00D29403 /* Resources */ = {
			isa = PBXResourcesBuildPhase;
			buildActionMask = 2147483647;
			files = (
				F975B1A31CE22ACF00D29403 /* Main.storyboard in Resources */,
				F975B1A01CE22A7600D29403 /* Browse.storyboard in Resources */,
				F975B19E1CE22A6B00D29403 /* Create.storyboard in Resources */,
				F9BD02EF1CE32CE30057309B /* Map.storyboard in Resources */,
				F975B1901CE224D900D29403 /* Authentication.storyboard in Resources */,
				F975B1861CE2214F00D29403 /* LaunchScreen.storyboard in Resources */,
				F975B1831CE2214F00D29403 /* Assets.xcassets in Resources */,
				F975B19C1CE22A6100D29403 /* Show.storyboard in Resources */,
				F9B538E91CF074E9009C10CB /* User.storyboard in Resources */,
			);
			runOnlyForDeploymentPostprocessing = 0;
		};
/* End PBXResourcesBuildPhase section */

/* Begin PBXShellScriptBuildPhase section */
		16EDCE435D3AFD980BD086AC /* 📦 Embed Pods Frameworks */ = {
			isa = PBXShellScriptBuildPhase;
			buildActionMask = 2147483647;
			files = (
			);
			inputPaths = (
			);
			name = "📦 Embed Pods Frameworks";
			outputPaths = (
			);
			runOnlyForDeploymentPostprocessing = 0;
			shellPath = /bin/sh;
			shellScript = "\"${SRCROOT}/Pods/Target Support Files/Pods-GratisTing/Pods-GratisTing-frameworks.sh\"\n";
			showEnvVarsInLog = 0;
		};
		A3D86565FB2D6F6B25C049FD /* 📦 Copy Pods Resources */ = {
			isa = PBXShellScriptBuildPhase;
			buildActionMask = 2147483647;
			files = (
			);
			inputPaths = (
			);
			name = "📦 Copy Pods Resources";
			outputPaths = (
			);
			runOnlyForDeploymentPostprocessing = 0;
			shellPath = /bin/sh;
			shellScript = "\"${SRCROOT}/Pods/Target Support Files/Pods-GratisTing/Pods-GratisTing-resources.sh\"\n";
			showEnvVarsInLog = 0;
		};
		F61AF11DD0A499588A3021A8 /* 📦 Check Pods Manifest.lock */ = {
			isa = PBXShellScriptBuildPhase;
			buildActionMask = 2147483647;
			files = (
			);
			inputPaths = (
			);
			name = "📦 Check Pods Manifest.lock";
			outputPaths = (
			);
			runOnlyForDeploymentPostprocessing = 0;
			shellPath = /bin/sh;
			shellScript = "diff \"${PODS_ROOT}/../Podfile.lock\" \"${PODS_ROOT}/Manifest.lock\" > /dev/null\nif [[ $? != 0 ]] ; then\n    cat << EOM\nerror: The sandbox is not in sync with the Podfile.lock. Run 'pod install' or update your CocoaPods installation.\nEOM\n    exit 1\nfi\n";
			showEnvVarsInLog = 0;
		};
/* End PBXShellScriptBuildPhase section */

/* Begin PBXSourcesBuildPhase section */
		F975B1741CE2214F00D29403 /* Sources */ = {
			isa = PBXSourcesBuildPhase;
			buildActionMask = 2147483647;
			files = (
				F9BD02F31CE343660057309B /* CreateViewController.swift in Sources */,
				F9B538EB1CF07525009C10CB /* UserViewController.swift in Sources */,
				F975B1AF1CE34C5400D29403 /* Item.swift in Sources */,
				F975B1921CE2254900D29403 /* LoginViewController.swift in Sources */,
				F975B17C1CE2214F00D29403 /* AppDelegate.swift in Sources */,
				F9E5DDE51CE60C14005A2FB4 /* ShowViewController.swift in Sources */,
				F974FCBF1CF1E7DA00433E7A /* GratisTingNavItem.swift in Sources */,
				B4E45CF01CF20A70001D4F39 /* JSONParser.swift in Sources */,
				F974FCBD1CF0FFEE00433E7A /* GratisTingAnnotation.swift in Sources */,
				F974FCC11CF1E86400433E7A /* UIColorExtension.swift in Sources */,
				F975B1961CE2294900D29403 /* RegisterViewController.swift in Sources */,
				F9BD02F11CE32CF20057309B /* MapViewController.swift in Sources */,
				F975B1B61CE36D7A00D29403 /* GratisTingCell.swift in Sources */,
				F95E01071CEDD1A8007D0BE3 /* Authentication.swift in Sources */,
				F9BD02EC1CE316E70057309B /* MainViewController.swift in Sources */,
				F975B1B11CE34E9000D29403 /* User.swift in Sources */,
				F975B1AB1CE333C100D29403 /* ItemListViewController.swift in Sources */,
				F975B1E11CE480A400D29403 /* DAO.swift in Sources */,
				F9DE18221CEC7760004BCE1E /* AddressSearchTextField.swift in Sources */,
				F975B1E41CE4811E00D29403 /* DAOProtocol.swift in Sources */,
				F91250CA1CEC6D9B00FFFE75 /* Address.swift in Sources */,
				F975B1B31CE355B300D29403 /* Category.swift in Sources */,
			);
			runOnlyForDeploymentPostprocessing = 0;
		};
/* End PBXSourcesBuildPhase section */

/* Begin PBXVariantGroup section */
		F975B1841CE2214F00D29403 /* LaunchScreen.storyboard */ = {
			isa = PBXVariantGroup;
			children = (
				F975B1851CE2214F00D29403 /* Base */,
			);
			name = LaunchScreen.storyboard;
			sourceTree = "<group>";
		};
/* End PBXVariantGroup section */

/* Begin XCBuildConfiguration section */
		F975B1881CE2214F00D29403 /* Debug */ = {
			isa = XCBuildConfiguration;
			buildSettings = {
				ALWAYS_SEARCH_USER_PATHS = NO;
				CLANG_ANALYZER_NONNULL = YES;
				CLANG_CXX_LANGUAGE_STANDARD = "gnu++0x";
				CLANG_CXX_LIBRARY = "libc++";
				CLANG_ENABLE_MODULES = YES;
				CLANG_ENABLE_OBJC_ARC = YES;
				CLANG_WARN_BOOL_CONVERSION = YES;
				CLANG_WARN_CONSTANT_CONVERSION = YES;
				CLANG_WARN_DIRECT_OBJC_ISA_USAGE = YES_ERROR;
				CLANG_WARN_EMPTY_BODY = YES;
				CLANG_WARN_ENUM_CONVERSION = YES;
				CLANG_WARN_INT_CONVERSION = YES;
				CLANG_WARN_OBJC_ROOT_CLASS = YES_ERROR;
				CLANG_WARN_UNREACHABLE_CODE = YES;
				CLANG_WARN__DUPLICATE_METHOD_MATCH = YES;
				"CODE_SIGN_IDENTITY[sdk=iphoneos*]" = "iPhone Developer";
				COPY_PHASE_STRIP = NO;
				DEBUG_INFORMATION_FORMAT = dwarf;
				ENABLE_STRICT_OBJC_MSGSEND = YES;
				ENABLE_TESTABILITY = YES;
				GCC_C_LANGUAGE_STANDARD = gnu99;
				GCC_DYNAMIC_NO_PIC = NO;
				GCC_NO_COMMON_BLOCKS = YES;
				GCC_OPTIMIZATION_LEVEL = 0;
				GCC_PREPROCESSOR_DEFINITIONS = (
					"DEBUG=1",
					"$(inherited)",
				);
				GCC_WARN_64_TO_32_BIT_CONVERSION = YES;
				GCC_WARN_ABOUT_RETURN_TYPE = YES_ERROR;
				GCC_WARN_UNDECLARED_SELECTOR = YES;
				GCC_WARN_UNINITIALIZED_AUTOS = YES_AGGRESSIVE;
				GCC_WARN_UNUSED_FUNCTION = YES;
				GCC_WARN_UNUSED_VARIABLE = YES;
				IPHONEOS_DEPLOYMENT_TARGET = 9.3;
				MTL_ENABLE_DEBUG_INFO = YES;
				ONLY_ACTIVE_ARCH = YES;
				SDKROOT = iphoneos;
				SWIFT_OPTIMIZATION_LEVEL = "-Onone";
			};
			name = Debug;
		};
		F975B1891CE2214F00D29403 /* Release */ = {
			isa = XCBuildConfiguration;
			buildSettings = {
				ALWAYS_SEARCH_USER_PATHS = NO;
				CLANG_ANALYZER_NONNULL = YES;
				CLANG_CXX_LANGUAGE_STANDARD = "gnu++0x";
				CLANG_CXX_LIBRARY = "libc++";
				CLANG_ENABLE_MODULES = YES;
				CLANG_ENABLE_OBJC_ARC = YES;
				CLANG_WARN_BOOL_CONVERSION = YES;
				CLANG_WARN_CONSTANT_CONVERSION = YES;
				CLANG_WARN_DIRECT_OBJC_ISA_USAGE = YES_ERROR;
				CLANG_WARN_EMPTY_BODY = YES;
				CLANG_WARN_ENUM_CONVERSION = YES;
				CLANG_WARN_INT_CONVERSION = YES;
				CLANG_WARN_OBJC_ROOT_CLASS = YES_ERROR;
				CLANG_WARN_UNREACHABLE_CODE = YES;
				CLANG_WARN__DUPLICATE_METHOD_MATCH = YES;
				"CODE_SIGN_IDENTITY[sdk=iphoneos*]" = "iPhone Developer";
				COPY_PHASE_STRIP = NO;
				DEBUG_INFORMATION_FORMAT = "dwarf-with-dsym";
				ENABLE_NS_ASSERTIONS = NO;
				ENABLE_STRICT_OBJC_MSGSEND = YES;
				GCC_C_LANGUAGE_STANDARD = gnu99;
				GCC_NO_COMMON_BLOCKS = YES;
				GCC_WARN_64_TO_32_BIT_CONVERSION = YES;
				GCC_WARN_ABOUT_RETURN_TYPE = YES_ERROR;
				GCC_WARN_UNDECLARED_SELECTOR = YES;
				GCC_WARN_UNINITIALIZED_AUTOS = YES_AGGRESSIVE;
				GCC_WARN_UNUSED_FUNCTION = YES;
				GCC_WARN_UNUSED_VARIABLE = YES;
				IPHONEOS_DEPLOYMENT_TARGET = 9.3;
				MTL_ENABLE_DEBUG_INFO = NO;
				SDKROOT = iphoneos;
				VALIDATE_PRODUCT = YES;
			};
			name = Release;
		};
		F975B18B1CE2214F00D29403 /* Debug */ = {
			isa = XCBuildConfiguration;
			baseConfigurationReference = F0EAA90818B2E93437FFD350 /* Pods-GratisTing.debug.xcconfig */;
			buildSettings = {
				ASSETCATALOG_COMPILER_APPICON_NAME = AppIcon;
				INFOPLIST_FILE = GratisTing/Info.plist;
				LD_RUNPATH_SEARCH_PATHS = "$(inherited) @executable_path/Frameworks";
				PRODUCT_BUNDLE_IDENTIFIER = dk.SJT.GratisTing;
				PRODUCT_NAME = "$(TARGET_NAME)";
			};
			name = Debug;
		};
		F975B18C1CE2214F00D29403 /* Release */ = {
			isa = XCBuildConfiguration;
			baseConfigurationReference = 09C362B687934E594391C86D /* Pods-GratisTing.release.xcconfig */;
			buildSettings = {
				ASSETCATALOG_COMPILER_APPICON_NAME = AppIcon;
				INFOPLIST_FILE = GratisTing/Info.plist;
				LD_RUNPATH_SEARCH_PATHS = "$(inherited) @executable_path/Frameworks";
				PRODUCT_BUNDLE_IDENTIFIER = dk.SJT.GratisTing;
				PRODUCT_NAME = "$(TARGET_NAME)";
			};
			name = Release;
		};
/* End XCBuildConfiguration section */

/* Begin XCConfigurationList section */
		F975B1731CE2214F00D29403 /* Build configuration list for PBXProject "GratisTing" */ = {
			isa = XCConfigurationList;
			buildConfigurations = (
				F975B1881CE2214F00D29403 /* Debug */,
				F975B1891CE2214F00D29403 /* Release */,
			);
			defaultConfigurationIsVisible = 0;
			defaultConfigurationName = Release;
		};
		F975B18A1CE2214F00D29403 /* Build configuration list for PBXNativeTarget "GratisTing" */ = {
			isa = XCConfigurationList;
			buildConfigurations = (
				F975B18B1CE2214F00D29403 /* Debug */,
				F975B18C1CE2214F00D29403 /* Release */,
			);
			defaultConfigurationIsVisible = 0;
			defaultConfigurationName = Release;
		};
/* End XCConfigurationList section */
	};
	rootObject = F975B1701CE2214F00D29403 /* Project object */;
}
