// !$*UTF8*$!
{
	archiveVersion = 1;
	classes = {
	};
	objectVersion = 46;
	objects = {

/* Begin PBXBuildFile section */
		F975B17C1CE2214F00D29403 /* AppDelegate.swift in Sources */ = {isa = PBXBuildFile; fileRef = F975B17B1CE2214F00D29403 /* AppDelegate.swift */; };
		F975B1831CE2214F00D29403 /* Assets.xcassets in Resources */ = {isa = PBXBuildFile; fileRef = F975B1821CE2214F00D29403 /* Assets.xcassets */; };
		F975B1861CE2214F00D29403 /* LaunchScreen.storyboard in Resources */ = {isa = PBXBuildFile; fileRef = F975B1841CE2214F00D29403 /* LaunchScreen.storyboard */; };
		F975B1901CE224D900D29403 /* Authentication.storyboard in Resources */ = {isa = PBXBuildFile; fileRef = F975B18F1CE224D900D29403 /* Authentication.storyboard */; };
		F975B1921CE2254900D29403 /* LoginViewController.swift in Sources */ = {isa = PBXBuildFile; fileRef = F975B1911CE2254900D29403 /* LoginViewController.swift */; };
		F975B1961CE2294900D29403 /* RegisterViewController.swift in Sources */ = {isa = PBXBuildFile; fileRef = F975B1951CE2294900D29403 /* RegisterViewController.swift */; };
		F975B19C1CE22A6100D29403 /* Show.storyboard in Resources */ = {isa = PBXBuildFile; fileRef = F975B19B1CE22A6100D29403 /* Show.storyboard */; };
		F975B19E1CE22A6B00D29403 /* Create.storyboard in Resources */ = {isa = PBXBuildFile; fileRef = F975B19D1CE22A6B00D29403 /* Create.storyboard */; };
		F975B1A01CE22A7600D29403 /* Browse.storyboard in Resources */ = {isa = PBXBuildFile; fileRef = F975B19F1CE22A7600D29403 /* Browse.storyboard */; };
		F975B1A31CE22ACF00D29403 /* Main.storyboard in Resources */ = {isa = PBXBuildFile; fileRef = F975B1A21CE22ACF00D29403 /* Main.storyboard */; };
/* End PBXBuildFile section */

/* Begin PBXFileReference section */
		F975B1781CE2214F00D29403 /* GratisTing.app */ = {isa = PBXFileReference; explicitFileType = wrapper.application; includeInIndex = 0; path = GratisTing.app; sourceTree = BUILT_PRODUCTS_DIR; };
		F975B17B1CE2214F00D29403 /* AppDelegate.swift */ = {isa = PBXFileReference; lastKnownFileType = sourcecode.swift; path = AppDelegate.swift; sourceTree = "<group>"; };
		F975B1821CE2214F00D29403 /* Assets.xcassets */ = {isa = PBXFileReference; lastKnownFileType = folder.assetcatalog; path = Assets.xcassets; sourceTree = "<group>"; };
		F975B1851CE2214F00D29403 /* Base */ = {isa = PBXFileReference; lastKnownFileType = file.storyboard; name = Base; path = Base.lproj/LaunchScreen.storyboard; sourceTree = "<group>"; };
		F975B1871CE2214F00D29403 /* Info.plist */ = {isa = PBXFileReference; lastKnownFileType = text.plist.xml; path = Info.plist; sourceTree = "<group>"; };
		F975B18F1CE224D900D29403 /* Authentication.storyboard */ = {isa = PBXFileReference; fileEncoding = 4; lastKnownFileType = file.storyboard; name = Authentication.storyboard; path = ../Authentication.storyboard; sourceTree = "<group>"; };
		F975B1911CE2254900D29403 /* LoginViewController.swift */ = {isa = PBXFileReference; fileEncoding = 4; lastKnownFileType = sourcecode.swift; path = LoginViewController.swift; sourceTree = "<group>"; };
		F975B1951CE2294900D29403 /* RegisterViewController.swift */ = {isa = PBXFileReference; fileEncoding = 4; lastKnownFileType = sourcecode.swift; path = RegisterViewController.swift; sourceTree = "<group>"; };
		F975B19B1CE22A6100D29403 /* Show.storyboard */ = {isa = PBXFileReference; fileEncoding = 4; lastKnownFileType = file.storyboard; path = Show.storyboard; sourceTree = "<group>"; };
		F975B19D1CE22A6B00D29403 /* Create.storyboard */ = {isa = PBXFileReference; fileEncoding = 4; lastKnownFileType = file.storyboard; path = Create.storyboard; sourceTree = "<group>"; };
		F975B19F1CE22A7600D29403 /* Browse.storyboard */ = {isa = PBXFileReference; fileEncoding = 4; lastKnownFileType = file.storyboard; path = Browse.storyboard; sourceTree = "<group>"; };
		F975B1A21CE22ACF00D29403 /* Main.storyboard */ = {isa = PBXFileReference; fileEncoding = 4; lastKnownFileType = file.storyboard; path = Main.storyboard; sourceTree = "<group>"; };
/* End PBXFileReference section */

/* Begin PBXFrameworksBuildPhase section */
		F975B1751CE2214F00D29403 /* Frameworks */ = {
			isa = PBXFrameworksBuildPhase;
			buildActionMask = 2147483647;
			files = (
			);
			runOnlyForDeploymentPostprocessing = 0;
		};
/* End PBXFrameworksBuildPhase section */

/* Begin PBXGroup section */
		F975B16F1CE2214F00D29403 = {
			isa = PBXGroup;
			children = (
				F975B17A1CE2214F00D29403 /* GratisTing */,
				F975B1791CE2214F00D29403 /* Products */,
			);
			sourceTree = "<group>";
		};
		F975B1791CE2214F00D29403 /* Products */ = {
			isa = PBXGroup;
			children = (
				F975B1781CE2214F00D29403 /* GratisTing.app */,
			);
			name = Products;
			sourceTree = "<group>";
		};
		F975B17A1CE2214F00D29403 /* GratisTing */ = {
			isa = PBXGroup;
			children = (
				F975B17B1CE2214F00D29403 /* AppDelegate.swift */,
				F975B1A51CE22B2E00D29403 /* Models */,
				F975B1941CE2281700D29403 /* Views */,
				F975B1A41CE22B0A00D29403 /* Controllers */,
				F975B1821CE2214F00D29403 /* Assets.xcassets */,
				F975B1871CE2214F00D29403 /* Info.plist */,
			);
			path = GratisTing;
			sourceTree = "<group>";
		};
		F975B1931CE2279900D29403 /* Authentication */ = {
			isa = PBXGroup;
			children = (
				F975B18F1CE224D900D29403 /* Authentication.storyboard */,
				F975B1911CE2254900D29403 /* LoginViewController.swift */,
				F975B1951CE2294900D29403 /* RegisterViewController.swift */,
			);
			name = Authentication;
			sourceTree = "<group>";
		};
		F975B1941CE2281700D29403 /* Views */ = {
			isa = PBXGroup;
			children = (
				F975B1841CE2214F00D29403 /* LaunchScreen.storyboard */,
				F975B1A11CE22AA300D29403 /* Main */,
				F975B1971CE229DE00D29403 /* Items */,
				F975B1931CE2279900D29403 /* Authentication */,
			);
			name = Views;
			sourceTree = "<group>";
		};
		F975B1971CE229DE00D29403 /* Items */ = {
			isa = PBXGroup;
			children = (
				F975B19A1CE22A5400D29403 /* Show */,
				F975B1991CE22A2F00D29403 /* Create */,
				F975B1981CE22A2600D29403 /* Browse */,
			);
			name = Items;
			sourceTree = "<group>";
		};
		F975B1981CE22A2600D29403 /* Browse */ = {
			isa = PBXGroup;
			children = (
				F975B19F1CE22A7600D29403 /* Browse.storyboard */,
			);
			name = Browse;
			sourceTree = "<group>";
		};
		F975B1991CE22A2F00D29403 /* Create */ = {
			isa = PBXGroup;
			children = (
				F975B19D1CE22A6B00D29403 /* Create.storyboard */,
			);
			name = Create;
			sourceTree = "<group>";
		};
		F975B19A1CE22A5400D29403 /* Show */ = {
			isa = PBXGroup;
			children = (
				F975B19B1CE22A6100D29403 /* Show.storyboard */,
			);
			name = Show;
			sourceTree = "<group>";
		};
		F975B1A11CE22AA300D29403 /* Main */ = {
			isa = PBXGroup;
			children = (
				F975B1A21CE22ACF00D29403 /* Main.storyboard */,
			);
			name = Main;
			sourceTree = "<group>";
		};
		F975B1A41CE22B0A00D29403 /* Controllers */ = {
			isa = PBXGroup;
			children = (
			);
			name = Controllers;
			sourceTree = "<group>";
		};
		F975B1A51CE22B2E00D29403 /* Models */ = {
			isa = PBXGroup;
			children = (
			);
			name = Models;
			sourceTree = "<group>";
		};
/* End PBXGroup section */

/* Begin PBXNativeTarget section */
		F975B1771CE2214F00D29403 /* GratisTing */ = {
			isa = PBXNativeTarget;
			buildConfigurationList = F975B18A1CE2214F00D29403 /* Build configuration list for PBXNativeTarget "GratisTing" */;
			buildPhases = (
				F975B1741CE2214F00D29403 /* Sources */,
				F975B1751CE2214F00D29403 /* Frameworks */,
				F975B1761CE2214F00D29403 /* Resources */,
			);
			buildRules = (
			);
			dependencies = (
			);
			name = GratisTing;
			productName = GratisTing;
			productReference = F975B1781CE2214F00D29403 /* GratisTing.app */;
			productType = "com.apple.product-type.application";
		};
/* End PBXNativeTarget section */

/* Begin PBXProject section */
		F975B1701CE2214F00D29403 /* Project object */ = {
			isa = PBXProject;
			attributes = {
				LastSwiftUpdateCheck = 0730;
				LastUpgradeCheck = 0730;
				ORGANIZATIONNAME = SJT;
				TargetAttributes = {
					F975B1771CE2214F00D29403 = {
						CreatedOnToolsVersion = 7.3;
					};
				};
			};
			buildConfigurationList = F975B1731CE2214F00D29403 /* Build configuration list for PBXProject "GratisTing" */;
			compatibilityVersion = "Xcode 3.2";
			developmentRegion = English;
			hasScannedForEncodings = 0;
			knownRegions = (
				en,
				Base,
			);
			mainGroup = F975B16F1CE2214F00D29403;
			productRefGroup = F975B1791CE2214F00D29403 /* Products */;
			projectDirPath = "";
			projectRoot = "";
			targets = (
				F975B1771CE2214F00D29403 /* GratisTing */,
			);
		};
/* End PBXProject section */

/* Begin PBXResourcesBuildPhase section */
		F975B1761CE2214F00D29403 /* Resources */ = {
			isa = PBXResourcesBuildPhase;
			buildActionMask = 2147483647;
			files = (
				F975B1A31CE22ACF00D29403 /* Main.storyboard in Resources */,
				F975B1A01CE22A7600D29403 /* Browse.storyboard in Resources */,
				F975B19E1CE22A6B00D29403 /* Create.storyboard in Resources */,
				F975B1901CE224D900D29403 /* Authentication.storyboard in Resources */,
				F975B1861CE2214F00D29403 /* LaunchScreen.storyboard in Resources */,
				F975B1831CE2214F00D29403 /* Assets.xcassets in Resources */,
				F975B19C1CE22A6100D29403 /* Show.storyboard in Resources */,
			);
			runOnlyForDeploymentPostprocessing = 0;
		};
/* End PBXResourcesBuildPhase section */

/* Begin PBXSourcesBuildPhase section */
		F975B1741CE2214F00D29403 /* Sources */ = {
			isa = PBXSourcesBuildPhase;
			buildActionMask = 2147483647;
			files = (
				F975B1921CE2254900D29403 /* LoginViewController.swift in Sources */,
				F975B17C1CE2214F00D29403 /* AppDelegate.swift in Sources */,
				F975B1961CE2294900D29403 /* RegisterViewController.swift in Sources */,
			);
			runOnlyForDeploymentPostprocessing = 0;
		};
/* End PBXSourcesBuildPhase section */

/* Begin PBXVariantGroup section */
		F975B1841CE2214F00D29403 /* LaunchScreen.storyboard */ = {
			isa = PBXVariantGroup;
			children = (
				F975B1851CE2214F00D29403 /* Base */,
			);
			name = LaunchScreen.storyboard;
			sourceTree = "<group>";
		};
/* End PBXVariantGroup section */

/* Begin XCBuildConfiguration section */
		F975B1881CE2214F00D29403 /* Debug */ = {
			isa = XCBuildConfiguration;
			buildSettings = {
				ALWAYS_SEARCH_USER_PATHS = NO;
				CLANG_ANALYZER_NONNULL = YES;
				CLANG_CXX_LANGUAGE_STANDARD = "gnu++0x";
				CLANG_CXX_LIBRARY = "libc++";
				CLANG_ENABLE_MODULES = YES;
				CLANG_ENABLE_OBJC_ARC = YES;
				CLANG_WARN_BOOL_CONVERSION = YES;
				CLANG_WARN_CONSTANT_CONVERSION = YES;
				CLANG_WARN_DIRECT_OBJC_ISA_USAGE = YES_ERROR;
				CLANG_WARN_EMPTY_BODY = YES;
				CLANG_WARN_ENUM_CONVERSION = YES;
				CLANG_WARN_INT_CONVERSION = YES;
				CLANG_WARN_OBJC_ROOT_CLASS = YES_ERROR;
				CLANG_WARN_UNREACHABLE_CODE = YES;
				CLANG_WARN__DUPLICATE_METHOD_MATCH = YES;
				"CODE_SIGN_IDENTITY[sdk=iphoneos*]" = "iPhone Developer";
				COPY_PHASE_STRIP = NO;
				DEBUG_INFORMATION_FORMAT = dwarf;
				ENABLE_STRICT_OBJC_MSGSEND = YES;
				ENABLE_TESTABILITY = YES;
				GCC_C_LANGUAGE_STANDARD = gnu99;
				GCC_DYNAMIC_NO_PIC = NO;
				GCC_NO_COMMON_BLOCKS = YES;
				GCC_OPTIMIZATION_LEVEL = 0;
				GCC_PREPROCESSOR_DEFINITIONS = (
					"DEBUG=1",
					"$(inherited)",
				);
				GCC_WARN_64_TO_32_BIT_CONVERSION = YES;
				GCC_WARN_ABOUT_RETURN_TYPE = YES_ERROR;
				GCC_WARN_UNDECLARED_SELECTOR = YES;
				GCC_WARN_UNINITIALIZED_AUTOS = YES_AGGRESSIVE;
				GCC_WARN_UNUSED_FUNCTION = YES;
				GCC_WARN_UNUSED_VARIABLE = YES;
				IPHONEOS_DEPLOYMENT_TARGET = 9.3;
				MTL_ENABLE_DEBUG_INFO = YES;
				ONLY_ACTIVE_ARCH = YES;
				SDKROOT = iphoneos;
				SWIFT_OPTIMIZATION_LEVEL = "-Onone";
			};
			name = Debug;
		};
		F975B1891CE2214F00D29403 /* Release */ = {
			isa = XCBuildConfiguration;
			buildSettings = {
				ALWAYS_SEARCH_USER_PATHS = NO;
				CLANG_ANALYZER_NONNULL = YES;
				CLANG_CXX_LANGUAGE_STANDARD = "gnu++0x";
				CLANG_CXX_LIBRARY = "libc++";
				CLANG_ENABLE_MODULES = YES;
				CLANG_ENABLE_OBJC_ARC = YES;
				CLANG_WARN_BOOL_CONVERSION = YES;
				CLANG_WARN_CONSTANT_CONVERSION = YES;
				CLANG_WARN_DIRECT_OBJC_ISA_USAGE = YES_ERROR;
				CLANG_WARN_EMPTY_BODY = YES;
				CLANG_WARN_ENUM_CONVERSION = YES;
				CLANG_WARN_INT_CONVERSION = YES;
				CLANG_WARN_OBJC_ROOT_CLASS = YES_ERROR;
				CLANG_WARN_UNREACHABLE_CODE = YES;
				CLANG_WARN__DUPLICATE_METHOD_MATCH = YES;
				"CODE_SIGN_IDENTITY[sdk=iphoneos*]" = "iPhone Developer";
				COPY_PHASE_STRIP = NO;
				DEBUG_INFORMATION_FORMAT = "dwarf-with-dsym";
				ENABLE_NS_ASSERTIONS = NO;
				ENABLE_STRICT_OBJC_MSGSEND = YES;
				GCC_C_LANGUAGE_STANDARD = gnu99;
				GCC_NO_COMMON_BLOCKS = YES;
				GCC_WARN_64_TO_32_BIT_CONVERSION = YES;
				GCC_WARN_ABOUT_RETURN_TYPE = YES_ERROR;
				GCC_WARN_UNDECLARED_SELECTOR = YES;
				GCC_WARN_UNINITIALIZED_AUTOS = YES_AGGRESSIVE;
				GCC_WARN_UNUSED_FUNCTION = YES;
				GCC_WARN_UNUSED_VARIABLE = YES;
				IPHONEOS_DEPLOYMENT_TARGET = 9.3;
				MTL_ENABLE_DEBUG_INFO = NO;
				SDKROOT = iphoneos;
				VALIDATE_PRODUCT = YES;
			};
			name = Release;
		};
		F975B18B1CE2214F00D29403 /* Debug */ = {
			isa = XCBuildConfiguration;
			buildSettings = {
				ASSETCATALOG_COMPILER_APPICON_NAME = AppIcon;
				INFOPLIST_FILE = GratisTing/Info.plist;
				LD_RUNPATH_SEARCH_PATHS = "$(inherited) @executable_path/Frameworks";
				PRODUCT_BUNDLE_IDENTIFIER = dk.SJT.GratisTing;
				PRODUCT_NAME = "$(TARGET_NAME)";
			};
			name = Debug;
		};
		F975B18C1CE2214F00D29403 /* Release */ = {
			isa = XCBuildConfiguration;
			buildSettings = {
				ASSETCATALOG_COMPILER_APPICON_NAME = AppIcon;
				INFOPLIST_FILE = GratisTing/Info.plist;
				LD_RUNPATH_SEARCH_PATHS = "$(inherited) @executable_path/Frameworks";
				PRODUCT_BUNDLE_IDENTIFIER = dk.SJT.GratisTing;
				PRODUCT_NAME = "$(TARGET_NAME)";
			};
			name = Release;
		};
/* End XCBuildConfiguration section */

/* Begin XCConfigurationList section */
		F975B1731CE2214F00D29403 /* Build configuration list for PBXProject "GratisTing" */ = {
			isa = XCConfigurationList;
			buildConfigurations = (
				F975B1881CE2214F00D29403 /* Debug */,
				F975B1891CE2214F00D29403 /* Release */,
			);
			defaultConfigurationIsVisible = 0;
			defaultConfigurationName = Release;
		};
		F975B18A1CE2214F00D29403 /* Build configuration list for PBXNativeTarget "GratisTing" */ = {
			isa = XCConfigurationList;
			buildConfigurations = (
				F975B18B1CE2214F00D29403 /* Debug */,
				F975B18C1CE2214F00D29403 /* Release */,
			);
			defaultConfigurationIsVisible = 0;
		};
/* End XCConfigurationList section */
	};
	rootObject = F975B1701CE2214F00D29403 /* Project object */;
}
